<?xml version="1.0" encoding="utf-8"?>
<Project ToolsVersion="4.0" xmlns="http://schemas.microsoft.com/developer/msbuild/2003">
  <ItemGroup>
    <Filter Include="src">
      <UniqueIdentifier>{4FC737F1-C7A5-4376-A066-2A32D752A2FF}</UniqueIdentifier>
      <Extensions>h;hh;hpp;hxx;h++;hm;inl;inc;ipp;xsd;cpp;c;cc;cxx;c++;cppm;ixx;def;odl;idl;hpj;bat;asm;asmx</Extensions>
    </Filter>
  </ItemGroup>
  <ItemGroup>
    <ClCompile Include="..\Detours\src\creatwth.cpp">
      <Filter>src</Filter>
    </ClCompile>
    <ClCompile Include="..\Detours\src\detours.cpp">
      <Filter>src</Filter>
    </ClCompile>
    <ClCompile Include="..\Detours\src\disasm.cpp">
      <Filter>src</Filter>
    </ClCompile>
    <ClCompile Include="..\Detours\src\disolarm.cpp">
      <Filter>src</Filter>
    </ClCompile>
    <ClCompile Include="..\Detours\src\disolarm64.cpp">
      <Filter>src</Filter>
    </ClCompile>
    <ClCompile Include="..\Detours\src\disolia64.cpp">
      <Filter>src</Filter>
    </ClCompile>
    <ClCompile Include="..\Detours\src\disolx64.cpp">
      <Filter>src</Filter>
    </ClCompile>
    <ClCompile Include="..\Detours\src\disolx86.cpp">
      <Filter>src</Filter>
    </ClCompile>
    <ClCompile Include="..\Detours\src\image.cpp">
      <Filter>src</Filter>
    </ClCompile>
    <ClCompile Include="..\Detours\src\modules.cpp">
      <Filter>src</Filter>
    </ClCompile>
  </ItemGroup>
</Project>